
Microsoft Visual Studio Solution File, Format Version 12.00
# Visual Studio 14
VisualStudioVersion = 14.0.24720.0
MinimumVisualStudioVersion = 10.0.40219.1
Project("{FAE04EC0-301F-11D3-BF4B-00C04F79EFBC}") = "Howtocreatereferences", "Howtocreatereferences\Howtocreatereferences.csproj", "{E19FE69B-39FC-4DE2-8E4B-F89B508809C0}"
EndProject
Project("{FAE04EC0-301F-11D3-BF4B-00C04F79EFBC}") = "ChallengeHeroMonsterClass-1BB", "..\..\..\..\Visual Studio 2015\Projects\ChallengeHeroMonsterClass-1BB\ChallengeHeroMonsterClass-1BB\ChallengeHeroMonsterClass-1BB.csproj", "{A8140783-3EA7-4E8F-BC88-13281E9280D0}"
EndProject
Global
	GlobalSection(SolutionConfigurationPlatforms) = preSolution
		Debug|Any CPU = Debug|Any CPU
		Release|Any CPU = Release|Any CPU
	EndGlobalSection
	GlobalSection(ProjectConfigurationPlatforms) = postSolution
		{E19FE69B-39FC-4DE2-8E4B-F89B508809C0}.Debug|Any CPU.ActiveCfg = Debug|Any CPU
		{E19FE69B-39FC-4DE2-8E4B-F89B508809C0}.Debug|Any CPU.Build.0 = Debug|Any CPU
		{E19FE69B-39FC-4DE2-8E4B-F89B508809C0}.Release|Any CPU.ActiveCfg = Release|Any CPU
		{E19FE69B-39FC-4DE2-8E4B-F89B508809C0}.Release|Any CPU.Build.0 = Release|Any CPU
		{A8140783-3EA7-4E8F-BC88-13281E9280D0}.Debug|Any CPU.ActiveCfg = Debug|Any CPU
		{A8140783-3EA7-4E8F-BC88-13281E9280D0}.Debug|Any CPU.Build.0 = Debug|Any CPU
		{A8140783-3EA7-4E8F-BC88-13281E9280D0}.Release|Any CPU.ActiveCfg = Release|Any CPU
		{A8140783-3EA7-4E8F-BC88-13281E9280D0}.Release|Any CPU.Build.0 = Release|Any CPU
	EndGlobalSection
	GlobalSection(SolutionProperties) = preSolution
		HideSolutionNode = FALSE
	EndGlobalSection
EndGlobal
